
Microsoft Visual Studio Solution File, Format Version 12.00
# Visual Studio Version 17
VisualStudioVersion = 17.14.36203.30 d17.14
MinimumVisualStudioVersion = 10.0.40219.1
Project("{FAE04EC0-301F-11D3-BF4B-00C04F79EFBC}") = "EjemploApiEmpleado", "EjemploApiEmpleado\EjemploApiEmpleado.csproj", "{4FB74E38-B5A3-4D2B-B76A-0676A899FF55}"
EndProject
Global
	GlobalSection(SolutionConfigurationPlatforms) = preSolution
		Debug|Any CPU = Debug|Any CPU
		Release|Any CPU = Release|Any CPU
	EndGlobalSection
	GlobalSection(ProjectConfigurationPlatforms) = postSolution
		{4FB74E38-B5A3-4D2B-B76A-0676A899FF55}.Debug|Any CPU.ActiveCfg = Debug|Any CPU
		{4FB74E38-B5A3-4D2B-B76A-0676A899FF55}.Debug|Any CPU.Build.0 = Debug|Any CPU
		{4FB74E38-B5A3-4D2B-B76A-0676A899FF55}.Release|Any CPU.ActiveCfg = Release|Any CPU
		{4FB74E38-B5A3-4D2B-B76A-0676A899FF55}.Release|Any CPU.Build.0 = Release|Any CPU
	EndGlobalSection
	GlobalSection(SolutionProperties) = preSolution
		HideSolutionNode = FALSE
	EndGlobalSection
	GlobalSection(ExtensibilityGlobals) = postSolution
		SolutionGuid = {C7A24BD8-F205-44BC-91F7-00173AF867E9}
	EndGlobalSection
EndGlobal
